
Microsoft Visual Studio Solution File, Format Version 12.00
# Visual Studio 15
VisualStudioVersion = 15.0.26730.12
MinimumVisualStudioVersion = 10.0.40219.1
Project("{FAE04EC0-301F-11D3-BF4B-00C04F79EFBC}") = "DevUCSharpChallenge7", "DevUCSharpChallenge7\DevUCSharpChallenge7.csproj", "{004B18FB-6B58-4D68-B65F-D5158DC48B06}"
EndProject
Global
	GlobalSection(SolutionConfigurationPlatforms) = preSolution
		Debug|Any CPU = Debug|Any CPU
		Release|Any CPU = Release|Any CPU
	EndGlobalSection
	GlobalSection(ProjectConfigurationPlatforms) = postSolution
		{004B18FB-6B58-4D68-B65F-D5158DC48B06}.Debug|Any CPU.ActiveCfg = Debug|Any CPU
		{004B18FB-6B58-4D68-B65F-D5158DC48B06}.Debug|Any CPU.Build.0 = Debug|Any CPU
		{004B18FB-6B58-4D68-B65F-D5158DC48B06}.Release|Any CPU.ActiveCfg = Release|Any CPU
		{004B18FB-6B58-4D68-B65F-D5158DC48B06}.Release|Any CPU.Build.0 = Release|Any CPU
	EndGlobalSection
	GlobalSection(SolutionProperties) = preSolution
		HideSolutionNode = FALSE
	EndGlobalSection
	GlobalSection(ExtensibilityGlobals) = postSolution
		SolutionGuid = {60CB3ADA-B2BC-4F67-A89E-1846D8804B60}
	EndGlobalSection
EndGlobal
